
Microsoft Visual Studio Solution File, Format Version 12.00
# Visual Studio Version 17
VisualStudioVersion = 17.7.34009.444
MinimumVisualStudioVersion = 10.0.40219.1
Project("{FAE04EC0-301F-11D3-BF4B-00C04F79EFBC}") = "EmailSendWeb", "EmailSendWeb.csproj", "{E605A540-A361-46D9-97FE-C412EEB21767}"
EndProject
Global
	GlobalSection(SolutionConfigurationPlatforms) = preSolution
		Debug|Any CPU = Debug|Any CPU
		Release|Any CPU = Release|Any CPU
	EndGlobalSection
	GlobalSection(ProjectConfigurationPlatforms) = postSolution
		{E605A540-A361-46D9-97FE-C412EEB21767}.Debug|Any CPU.ActiveCfg = Debug|Any CPU
		{E605A540-A361-46D9-97FE-C412EEB21767}.Debug|Any CPU.Build.0 = Debug|Any CPU
		{E605A540-A361-46D9-97FE-C412EEB21767}.Release|Any CPU.ActiveCfg = Release|Any CPU
		{E605A540-A361-46D9-97FE-C412EEB21767}.Release|Any CPU.Build.0 = Release|Any CPU
	EndGlobalSection
	GlobalSection(SolutionProperties) = preSolution
		HideSolutionNode = FALSE
	EndGlobalSection
	GlobalSection(ExtensibilityGlobals) = postSolution
		SolutionGuid = {E7B7F40F-1EFC-4C82-A991-C8E21B496EAA}
	EndGlobalSection
EndGlobal
